<?xml version="1.0" encoding="utf-8"?>
<Project ToolsVersion="4.0" xmlns="http://schemas.microsoft.com/developer/msbuild/2003">
  <ItemGroup>
    <Filter Include="Source Files">
      <UniqueIdentifier>{4FC737F1-C7A5-4376-A066-2A32D752A2FF}</UniqueIdentifier>
      <Extensions>cpp;c;cc;cxx;def;odl;idl;hpj;bat;asm;asmx</Extensions>
    </Filter>
  </ItemGroup>
  <ItemGroup>
    <ClCompile Include="AbstractEngineTest.cpp">
      <Filter>Source Files</Filter>
    </ClCompile>
    <ClCompile Include="ConfigsAbstractionLayerTest.cpp">
      <Filter>Source Files</Filter>
    </ClCompile>
    <ClCompile Include="HotkeysCSV_parsingTest.cpp">
      <Filter>Source Files</Filter>
    </ClCompile>
    <ClCompile Include="layout_parsing_verificator.cpp">
      <Filter>Source Files</Filter>
    </ClCompile>
    <ClCompile Include="MainTest.cpp">
      <Filter>Source Files</Filter>
    </ClCompile>
    <ClCompile Include="LayoutConfiguraionParsingTest.cpp">
      <Filter>Source Files</Filter>
    </ClCompile>
    <ClCompile Include="commands_parsing_testing_utils.cpp">
      <Filter>Source Files</Filter>
    </ClCompile>
    <ClCompile Include="variables_manager_testing_utils.cpp">
      <Filter>Source Files</Filter>
    </ClCompile>
    <ClCompile Include="VariablesManagerTest.cpp">
      <Filter>Source Files</Filter>
    </ClCompile>
    <ClCompile Include="variables_managers_config_building_utils.cpp">
      <Filter>Source Files</Filter>
    </ClCompile>
    <ClCompile Include="VariablesManagersConfigParsingTest.cpp">
      <Filter>Source Files</Filter>
    </ClCompile>
    <ClCompile Include="ImageResourcesConfigParsingTest.cpp">
      <Filter>Source Files</Filter>
    </ClCompile>
  </ItemGroup>
  <ItemGroup>
    <ClInclude Include="layout_parsing_verificator.hpp">
      <Filter>Source Files</Filter>
    </ClInclude>
    <ClInclude Include="commands_parsing_testing_utils.hpp">
      <Filter>Source Files</Filter>
    </ClInclude>
    <ClInclude Include="variables_manager_testing_utils.hpp">
      <Filter>Source Files</Filter>
    </ClInclude>
    <ClInclude Include="variables_managers_config_building_utils.hpp">
      <Filter>Source Files</Filter>
    </ClInclude>
  </ItemGroup>
</Project>